interactions:
- request:
    body: '{"identificatie": "cf9c4c2b-715e-4576-ab91-3f42894f9c4b", "bronorganisatie":
      "123456782", "informatieobjecttype": "http://openzaak.docker.internal:8001/catalogi/api/v1/informatieobjecttypen/ed78b0dc-e5d6-4259-9eae-04e02be2167b",
      "creatiedatum": "2026-10-09", "titel": "File part test", "auteur": "WOO registrations",
      "status": "definitief", "formaat": "text/plain", "taal": "dut", "bestandsnaam":
      "data.txt", "inhoud": null, "bestandsomvang": 10, "beschrijving": "", "indicatieGebruiksrecht":
      false}'
    headers:
      Accept:
      - '*/*'
      Accept-Encoding:
      - gzip, deflate, br
      Connection:
      - keep-alive
      Content-Length:
      - '499'
      Content-Type:
      - application/json
      User-Agent:
      - python-requests/2.34.2
    method: POST
    uri: http://openzaak.docker.internal:8001/documenten/api/v1/enkelvoudiginformatieobjecten
  response:
    body:
      string: '{"url":"http://openzaak.docker.internal:8001/documenten/api/v1/enkelvoudiginformatieobjecten/91334c96-b18a-4e65-b030-017d14cfab07","identificatie":"cf9c4c2b-715e-4576-ab91-3f42894f9c4b","bronorganisatie":"123456782","creatiedatum":"2026-10-09","titel":"File
        part test","vertrouwelijkheidaanduiding":"openbaar","auteur":"WOO registrations","status":"definitief","formaat":"text/plain","taal":"dut","versie":1,"beginRegistratie":"2026-10-09T17:39:37.239083Z","bestandsnaam":"data.txt","inhoud":null,"bestandsomvang":10,"link":"","beschrijving":"","ontvangstdatum":null,"verzenddatum":null,"indicatieGebruiksrecht":false,"verschijningsvorm":"","ondertekening":null,"integriteit":null,"informatieobjecttype":"http://openzaak.docker.internal:8001/catalogi/api/v1/informatieobjecttypen/ed78b0dc-e5d6-4259-9eae-04e02be2167b","locked":true,"bestandsdelen":[{"url":"http://openzaak.docker.internal:8001/documenten/api/v1/bestandsdelen/a054c5df-0747-4607-8dd9-f66e51d13ea3","volgnummer":1,"omvang":10,"voltooid":false,"lock":"e1313bf7571b48b7a24c52993ee10bbd"}],"trefwoorden":[],"lock":"e1313bf7571b48b7a24c52993ee10bbd"}'
    headers:
      API-version:
      - 1.4.2
      Allow:
      - GET, POST, HEAD, OPTIONS
      Content-Length:
      - '1111'
      Content-Security-Policy:
      - 'font-src ''self'' fonts.gstatic.com; base-uri ''self''; object-src ''none'';
        script-src ''self'' ''unsafe-inline'' cdnjs.cloudflare.com cdn.jsdelivr.net;
        frame-src ''self''; frame-ancestors ''none''; style-src ''self'' ''unsafe-inline''
        fonts.googleapis.com cdnjs.cloudflare.com cdn.jsdelivr.net; default-src ''self'';
        worker-src ''self'' blob:; form-action ''self''; img-src ''self'' data: cdn.redoc.ly
        cdnjs.cloudflare.com tile.openstreetmap.org'
      Content-Type:
      - application/json
      Cross-Origin-Opener-Policy:
      - same-origin
      Location:
      - http://openzaak.docker.internal:8001/documenten/api/v1/enkelvoudiginformatieobjecten/91334c96-b18a-4e65-b030-017d14cfab07
      Referrer-Policy:
      - same-origin
      Vary:
      - origin, Cookie
      X-Content-Type-Options:
      - nosniff
      X-Frame-Options:
      - DENY
    status:
      code: 201
      message: Created
- request:
    body: !!python/object/new:_io.BytesIO
      state: !!python/tuple
      - !!binary |
        LS1iNTIwZGQyMzc0MjM0NDRlYWFmMzZkMzU5NmRkYjc3YQ0KQ29udGVudC1EaXNwb3NpdGlvbjog
        Zm9ybS1kYXRhOyBuYW1lPSJsb2NrIg0KDQplMTMxM2JmNzU3MWI0OGI3YTI0YzUyOTkzZWUxMGJi
        ZA0KLS1iNTIwZGQyMzc0MjM0NDRlYWFmMzZkMzU5NmRkYjc3YQ0KQ29udGVudC1EaXNwb3NpdGlv
        bjogZm9ybS1kYXRhOyBuYW1lPSJpbmhvdWQiOyBmaWxlbmFtZT0icGFydC5iaW4iDQpDb250ZW50
        LVR5cGU6IGFwcGxpY2F0aW9uL29jdGV0LXN0cmVhbQ0KDQoxMjM0NTY3ODkwDQotLWI1MjBkZDIz
        NzQyMzQ0NGVhYWYzNmQzNTk2ZGRiNzdhLS0NCg==
      - 0
      - null
    headers:
      Accept:
      - '*/*'
      Accept-Encoding:
      - gzip, deflate, br
      Connection:
      - keep-alive
      Content-Length:
      - '313'
      Content-Type:
      - multipart/form-data; boundary=b520dd237423444eaaf36d3596ddb77a
      User-Agent:
      - python-requests/2.34.2
    method: PUT
    uri: http://openzaak.docker.internal:8001/documenten/api/v1/bestandsdelen/a054c5df-0747-4607-8dd9-f66e51d13ea3
  response:
    body:
      string: '{"url":"http://openzaak.docker.internal:8001/documenten/api/v1/bestandsdelen/a054c5df-0747-4607-8dd9-f66e51d13ea3","volgnummer":1,"omvang":10,"voltooid":true,"lock":"e1313bf7571b48b7a24c52993ee10bbd"}'
    headers:
      API-version:
      - 1.4.2
      Allow:
      - PUT, OPTIONS
      Content-Length:
      - '200'
      Content-Security-Policy:
      - 'font-src ''self'' fonts.gstatic.com; base-uri ''self''; object-src ''none'';
        script-src ''self'' ''unsafe-inline'' cdnjs.cloudflare.com cdn.jsdelivr.net;
        frame-src ''self''; frame-ancestors ''none''; style-src ''self'' ''unsafe-inline''
        fonts.googleapis.com cdnjs.cloudflare.com cdn.jsdelivr.net; default-src ''self'';
        worker-src ''self'' blob:; form-action ''self''; img-src ''self'' data: cdn.redoc.ly
        cdnjs.cloudflare.com tile.openstreetmap.org'
      Content-Type:
      - application/json
      Cross-Origin-Opener-Policy:
      - same-origin
      Referrer-Policy:
      - same-origin
      Vary:
      - Accept, origin, Cookie
      X-Content-Type-Options:
      - nosniff
      X-Frame-Options:
      - DENY
    status:
      code: 200
      message: OK
- request:
    body: '{"lock": "e1313bf7571b48b7a24c52993ee10bbd"}'
    headers:
      Accept:
      - '*/*'
      Accept-Encoding:
      - gzip, deflate, br
      Connection:
      - keep-alive
      Content-Length:
      - '44'
      Content-Type:
      - application/json
      User-Agent:
      - python-requests/2.34.2
    method: POST
    uri: http://openzaak.docker.internal:8001/documenten/api/v1/enkelvoudiginformatieobjecten/91334c96-b18a-4e65-b030-017d14cfab07/unlock
  response:
    body:
      string: ''
    headers:
      API-version:
      - 1.4.2
      Allow:
      - POST, OPTIONS
      Content-Length:
      - '0'
      Content-Security-Policy:
      - 'font-src ''self'' fonts.gstatic.com; base-uri ''self''; object-src ''none'';
        script-src ''self'' ''unsafe-inline'' cdnjs.cloudflare.com cdn.jsdelivr.net;
        frame-src ''self''; frame-ancestors ''none''; style-src ''self'' ''unsafe-inline''
        fonts.googleapis.com cdnjs.cloudflare.com cdn.jsdelivr.net; default-src ''self'';
        worker-src ''self'' blob:; form-action ''self''; img-src ''self'' data: cdn.redoc.ly
        cdnjs.cloudflare.com tile.openstreetmap.org'
      Cross-Origin-Opener-Policy:
      - same-origin
      Referrer-Policy:
      - same-origin
      Vary:
      - origin, Cookie
      X-Content-Type-Options:
      - nosniff
      X-Frame-Options:
      - DENY
    status:
      code: 204
      message: No Content
- request:
    body: null
    headers:
      Accept:
      - '*/*'
      Accept-Encoding:
      - gzip, deflate, br
      Connection:
      - keep-alive
      User-Agent:
      - python-requests/2.34.2
    method: GET
    uri: http://openzaak.docker.internal:8001/documenten/api/v1/enkelvoudiginformatieobjecten/91334c96-b18a-4e65-b030-017d14cfab07
  response:
    body:
      string: '{"url":"http://openzaak.docker.internal:8001/documenten/api/v1/enkelvoudiginformatieobjecten/91334c96-b18a-4e65-b030-017d14cfab07","identificatie":"cf9c4c2b-715e-4576-ab91-3f42894f9c4b","bronorganisatie":"123456782","creatiedatum":"2026-10-09","titel":"File
        part test","vertrouwelijkheidaanduiding":"openbaar","auteur":"WOO registrations","status":"definitief","formaat":"text/plain","taal":"dut","versie":1,"beginRegistratie":"2026-10-09T17:39:37.283034Z","bestandsnaam":"data.txt","inhoud":"http://openzaak.docker.internal:8001/documenten/api/v1/enkelvoudiginformatieobjecten/91334c96-b18a-4e65-b030-017d14cfab07/download?versie=1","bestandsomvang":10,"link":"","beschrijving":"","ontvangstdatum":null,"verzenddatum":null,"indicatieGebruiksrecht":false,"verschijningsvorm":"","ondertekening":null,"integriteit":null,"informatieobjecttype":"http://openzaak.docker.internal:8001/catalogi/api/v1/informatieobjecttypen/ed78b0dc-e5d6-4259-9eae-04e02be2167b","locked":false,"bestandsdelen":[],"trefwoorden":[],"_expand":{}}'
    headers:
      API-version:
      - 1.4.2
      Allow:
      - GET, PUT, PATCH, DELETE, HEAD, OPTIONS
      Content-Length:
      - '1019'
      Content-Security-Policy:
      - 'font-src ''self'' fonts.gstatic.com; base-uri ''self''; object-src ''none'';
        script-src ''self'' ''unsafe-inline'' cdnjs.cloudflare.com cdn.jsdelivr.net;
        frame-src ''self''; frame-ancestors ''none''; style-src ''self'' ''unsafe-inline''
        fonts.googleapis.com cdnjs.cloudflare.com cdn.jsdelivr.net; default-src ''self'';
        worker-src ''self'' blob:; form-action ''self''; img-src ''self'' data: cdn.redoc.ly
        cdnjs.cloudflare.com tile.openstreetmap.org'
      Content-Type:
      - application/json
      Cross-Origin-Opener-Policy:
      - same-origin
      ETag:
      - '"a1e85323f3676dbe59868b4b3a86ea5d"'
      Referrer-Policy:
      - same-origin
      Vary:
      - origin, Cookie
      X-Content-Type-Options:
      - nosniff
      X-Frame-Options:
      - DENY
    status:
      code: 200
      message: OK
- request:
    body: null
    headers:
      Accept:
      - '*/*'
      Accept-Encoding:
      - gzip, deflate, br
      Connection:
      - keep-alive
      Content-Length:
      - '0'
      User-Agent:
      - python-requests/2.34.2
    method: POST
    uri: http://openzaak.docker.internal:8001/documenten/api/v1/enkelvoudiginformatieobjecten/91334c96-b18a-4e65-b030-017d14cfab07/lock
  response:
    body:
      string: '{"lock":"3004abd90b784f11aa3db47cd24c6d35"}'
    headers:
      API-version:
      - 1.4.2
      Allow:
      - POST, OPTIONS
      Content-Length:
      - '43'
      Content-Security-Policy:
      - 'font-src ''self'' fonts.gstatic.com; base-uri ''self''; object-src ''none'';
        script-src ''self'' ''unsafe-inline'' cdnjs.cloudflare.com cdn.jsdelivr.net;
        frame-src ''self''; frame-ancestors ''none''; style-src ''self'' ''unsafe-inline''
        fonts.googleapis.com cdnjs.cloudflare.com cdn.jsdelivr.net; default-src ''self'';
        worker-src ''self'' blob:; form-action ''self''; img-src ''self'' data: cdn.redoc.ly
        cdnjs.cloudflare.com tile.openstreetmap.org'
      Content-Type:
      - application/json
      Cross-Origin-Opener-Policy:
      - same-origin
      Referrer-Policy:
      - same-origin
      Vary:
      - origin, Cookie
      X-Content-Type-Options:
      - nosniff
      X-Frame-Options:
      - DENY
    status:
      code: 200
      message: OK
- request:
    body: '{"bronorganisatie": "112345670", "lock": "3004abd90b784f11aa3db47cd24c6d35"}'
    headers:
      Accept:
      - '*/*'
      Accept-Encoding:
      - gzip, deflate, br
      Connection:
      - keep-alive
      Content-Length:
      - '76'
      Content-Type:
      - application/json
      User-Agent:
      - python-requests/2.34.2
    method: PATCH
    uri: http://openzaak.docker.internal:8001/documenten/api/v1/enkelvoudiginformatieobjecten/91334c96-b18a-4e65-b030-017d14cfab07
  response:
    body:
      string: '{"url":"http://openzaak.docker.internal:8001/documenten/api/v1/enkelvoudiginformatieobjecten/91334c96-b18a-4e65-b030-017d14cfab07","identificatie":"cf9c4c2b-715e-4576-ab91-3f42894f9c4b","bronorganisatie":"112345670","creatiedatum":"2026-10-09","titel":"File
        part test","vertrouwelijkheidaanduiding":"openbaar","auteur":"WOO registrations","status":"definitief","formaat":"text/plain","taal":"dut","versie":2,"beginRegistratie":"2026-10-09T17:39:37.347917Z","bestandsnaam":"data.txt","inhoud":"http://openzaak.docker.internal:8001/documenten/api/v1/enkelvoudiginformatieobjecten/91334c96-b18a-4e65-b030-017d14cfab07/download?versie=2","bestandsomvang":10,"link":"","beschrijving":"","ontvangstdatum":null,"verzenddatum":null,"indicatieGebruiksrecht":false,"verschijningsvorm":"","ondertekening":null,"integriteit":null,"informatieobjecttype":"http://openzaak.docker.internal:8001/catalogi/api/v1/informatieobjecttypen/ed78b0dc-e5d6-4259-9eae-04e02be2167b","locked":true,"bestandsdelen":[],"trefwoorden":[]}'
    headers:
      API-version:
      - 1.4.2
      Allow:
      - GET, PUT, PATCH, DELETE, HEAD, OPTIONS
      Content-Length:
      - '1005'
      Content-Security-Policy:
      - 'font-src ''self'' fonts.gstatic.com; base-uri ''self''; object-src ''none'';
        script-src ''self'' ''unsafe-inline'' cdnjs.cloudflare.com cdn.jsdelivr.net;
        frame-src ''self''; frame-ancestors ''none''; style-src ''self'' ''unsafe-inline''
        fonts.googleapis.com cdnjs.cloudflare.com cdn.jsdelivr.net; default-src ''self'';
        worker-src ''self'' blob:; form-action ''self''; img-src ''self'' data: cdn.redoc.ly
        cdnjs.cloudflare.com tile.openstreetmap.org'
      Content-Type:
      - application/json
      Cross-Origin-Opener-Policy:
      - same-origin
      Referrer-Policy:
      - same-origin
      Vary:
      - origin, Cookie
      X-Content-Type-Options:
      - nosniff
      X-Frame-Options:
      - DENY
    status:
      code: 200
      message: OK
- request:
    body: '{"lock": "3004abd90b784f11aa3db47cd24c6d35"}'
    headers:
      Accept:
      - '*/*'
      Accept-Encoding:
      - gzip, deflate, br
      Connection:
      - keep-alive
      Content-Length:
      - '44'
      Content-Type:
      - application/json
      User-Agent:
      - python-requests/2.34.2
    method: POST
    uri: http://openzaak.docker.internal:8001/documenten/api/v1/enkelvoudiginformatieobjecten/91334c96-b18a-4e65-b030-017d14cfab07/unlock
  response:
    body:
      string: ''
    headers:
      API-version:
      - 1.4.2
      Allow:
      - POST, OPTIONS
      Content-Length:
      - '0'
      Content-Security-Policy:
      - 'font-src ''self'' fonts.gstatic.com; base-uri ''self''; object-src ''none'';
        script-src ''self'' ''unsafe-inline'' cdnjs.cloudflare.com cdn.jsdelivr.net;
        frame-src ''self''; frame-ancestors ''none''; style-src ''self'' ''unsafe-inline''
        fonts.googleapis.com cdnjs.cloudflare.com cdn.jsdelivr.net; default-src ''self'';
        worker-src ''self'' blob:; form-action ''self''; img-src ''self'' data: cdn.redoc.ly
        cdnjs.cloudflare.com tile.openstreetmap.org'
      Cross-Origin-Opener-Policy:
      - same-origin
      Referrer-Policy:
      - same-origin
      Vary:
      - origin, Cookie
      X-Content-Type-Options:
      - nosniff
      X-Frame-Options:
      - DENY
    status:
      code: 204
      message: No Content
- request:
    body: null
    headers:
      Accept:
      - '*/*'
      Accept-Encoding:
      - gzip, deflate, br
      Connection:
      - keep-alive
      User-Agent:
      - python-requests/2.34.2
    method: GET
    uri: http://openzaak.docker.internal:8001/documenten/api/v1/enkelvoudiginformatieobjecten/91334c96-b18a-4e65-b030-017d14cfab07
  response:
    body:
      string: '{"url":"http://openzaak.docker.internal:8001/documenten/api/v1/enkelvoudiginformatieobjecten/91334c96-b18a-4e65-b030-017d14cfab07","identificatie":"cf9c4c2b-715e-4576-ab91-3f42894f9c4b","bronorganisatie":"112345670","creatiedatum":"2026-10-09","titel":"File
        part test","vertrouwelijkheidaanduiding":"openbaar","auteur":"WOO registrations","status":"definitief","formaat":"text/plain","taal":"dut","versie":2,"beginRegistratie":"2026-10-09T17:39:37.347917Z","bestandsnaam":"data.txt","inhoud":"http://openzaak.docker.internal:8001/documenten/api/v1/enkelvoudiginformatieobjecten/91334c96-b18a-4e65-b030-017d14cfab07/download?versie=2","bestandsomvang":10,"link":"","beschrijving":"","ontvangstdatum":null,"verzenddatum":null,"indicatieGebruiksrecht":false,"verschijningsvorm":"","ondertekening":null,"integriteit":null,"informatieobjecttype":"http://openzaak.docker.internal:8001/catalogi/api/v1/informatieobjecttypen/ed78b0dc-e5d6-4259-9eae-04e02be2167b","locked":false,"bestandsdelen":[],"trefwoorden":[],"_expand":{}}'
    headers:
      API-version:
      - 1.4.2
      Allow:
      - GET, PUT, PATCH, DELETE, HEAD, OPTIONS
      Content-Length:
      - '1019'
      Content-Security-Policy:
      - 'font-src ''self'' fonts.gstatic.com; base-uri ''self''; object-src ''none'';
        script-src ''self'' ''unsafe-inline'' cdnjs.cloudflare.com cdn.jsdelivr.net;
        frame-src ''self''; frame-ancestors ''none''; style-src ''self'' ''unsafe-inline''
        fonts.googleapis.com cdnjs.cloudflare.com cdn.jsdelivr.net; default-src ''self'';
        worker-src ''self'' blob:; form-action ''self''; img-src ''self'' data: cdn.redoc.ly
        cdnjs.cloudflare.com tile.openstreetmap.org'
      Content-Type:
      - application/json
      Cross-Origin-Opener-Policy:
      - same-origin
      ETag:
      - '"adb9096be4ba3528d479af1c46bd718b"'
      Referrer-Policy:
      - same-origin
      Vary:
      - origin, Cookie
      X-Content-Type-Options:
      - nosniff
      X-Frame-Options:
      - DENY
    status:
      code: 200
      message: OK
version: 1
