interactions:
- request:
    body: '{"identificatie": "29eae988-c2a3-42ae-a612-0e58cb30016d", "bronorganisatie":
      "123456782", "informatieobjecttype": "http://openzaak.docker.internal:8001/catalogi/api/v1/informatieobjecttypen/ed78b0dc-e5d6-4259-9eae-04e02be2167b",
      "creatiedatum": "2026-10-07", "titel": "File part test", "auteur": "WOO registrations",
      "status": "definitief", "formaat": "text/plain", "taal": "dut", "bestandsnaam":
      "data.txt", "inhoud": null, "bestandsomvang": 10, "beschrijving": "", "indicatieGebruiksrecht":
      false}'
    headers:
      Accept:
      - '*/*'
      Accept-Encoding:
      - gzip, deflate
      Connection:
      - keep-alive
      Content-Length:
      - '499'
      Content-Type:
      - application/json
      User-Agent:
      - python-requests/2.33.1
    method: POST
    uri: http://openzaak.docker.internal:8001/documenten/api/v1/enkelvoudiginformatieobjecten
  response:
    body:
      string: '{"url":"http://openzaak.docker.internal:8001/documenten/api/v1/enkelvoudiginformatieobjecten/b68955b7-e856-4098-ae66-118039126fee","identificatie":"29eae988-c2a3-42ae-a612-0e58cb30016d","bronorganisatie":"123456782","creatiedatum":"2026-10-07","titel":"File
        part test","vertrouwelijkheidaanduiding":"openbaar","auteur":"WOO registrations","status":"definitief","formaat":"text/plain","taal":"dut","versie":1,"beginRegistratie":"2026-10-07T08:11:33.565907Z","bestandsnaam":"data.txt","inhoud":null,"bestandsomvang":10,"link":"","beschrijving":"","ontvangstdatum":null,"verzenddatum":null,"indicatieGebruiksrecht":false,"verschijningsvorm":"","ondertekening":null,"integriteit":null,"informatieobjecttype":"http://openzaak.docker.internal:8001/catalogi/api/v1/informatieobjecttypen/ed78b0dc-e5d6-4259-9eae-04e02be2167b","locked":true,"bestandsdelen":[{"url":"http://openzaak.docker.internal:8001/documenten/api/v1/bestandsdelen/d2b5e9a8-8c6e-46e7-a430-b0ebd8f67c8c","volgnummer":1,"omvang":10,"voltooid":false,"lock":"7a04442a8a9344a6828c72efdf1487c7"}],"trefwoorden":[],"lock":"7a04442a8a9344a6828c72efdf1487c7"}'
    headers:
      API-version:
      - 1.4.2
      Allow:
      - GET, POST, HEAD, OPTIONS
      Content-Length:
      - '1111'
      Content-Security-Policy:
      - 'default-src ''self''; style-src ''self'' ''unsafe-inline'' fonts.googleapis.com
        cdnjs.cloudflare.com cdn.jsdelivr.net; object-src ''none''; frame-ancestors
        ''none''; frame-src ''self''; form-action ''self''; script-src ''self'' ''unsafe-inline''
        cdnjs.cloudflare.com cdn.jsdelivr.net; img-src ''self'' data: cdn.redoc.ly
        cdnjs.cloudflare.com tile.openstreetmap.org; base-uri ''self''; worker-src
        ''self'' blob:; font-src ''self'' fonts.gstatic.com'
      Content-Type:
      - application/json
      Cross-Origin-Opener-Policy:
      - same-origin
      Location:
      - http://openzaak.docker.internal:8001/documenten/api/v1/enkelvoudiginformatieobjecten/b68955b7-e856-4098-ae66-118039126fee
      Referrer-Policy:
      - same-origin
      Vary:
      - origin, Cookie
      X-Content-Type-Options:
      - nosniff
      X-Frame-Options:
      - DENY
    status:
      code: 201
      message: Created
- request:
    body: !!python/object/new:_io.BytesIO
      state: !!python/tuple
      - !!binary |
        LS1mODM4ZDYwZmM1YTI0ZGI5YmUyODI1MDU2Zjk0NThhZQ0KQ29udGVudC1EaXNwb3NpdGlvbjog
        Zm9ybS1kYXRhOyBuYW1lPSJsb2NrIg0KDQo3YTA0NDQyYThhOTM0NGE2ODI4YzcyZWZkZjE0ODdj
        Nw0KLS1mODM4ZDYwZmM1YTI0ZGI5YmUyODI1MDU2Zjk0NThhZQ0KQ29udGVudC1EaXNwb3NpdGlv
        bjogZm9ybS1kYXRhOyBuYW1lPSJpbmhvdWQiOyBmaWxlbmFtZT0icGFydC5iaW4iDQpDb250ZW50
        LVR5cGU6IGFwcGxpY2F0aW9uL29jdGV0LXN0cmVhbQ0KDQoxMjM0NTY3ODkwDQotLWY4MzhkNjBm
        YzVhMjRkYjliZTI4MjUwNTZmOTQ1OGFlLS0NCg==
      - 0
      - null
    headers:
      Accept:
      - '*/*'
      Accept-Encoding:
      - gzip, deflate
      Connection:
      - keep-alive
      Content-Length:
      - '313'
      Content-Type:
      - multipart/form-data; boundary=f838d60fc5a24db9be2825056f9458ae
      User-Agent:
      - python-requests/2.33.1
    method: PUT
    uri: http://openzaak.docker.internal:8001/documenten/api/v1/bestandsdelen/d2b5e9a8-8c6e-46e7-a430-b0ebd8f67c8c
  response:
    body:
      string: '{"url":"http://openzaak.docker.internal:8001/documenten/api/v1/bestandsdelen/d2b5e9a8-8c6e-46e7-a430-b0ebd8f67c8c","volgnummer":1,"omvang":10,"voltooid":true,"lock":"7a04442a8a9344a6828c72efdf1487c7"}'
    headers:
      API-version:
      - 1.4.2
      Allow:
      - PUT, OPTIONS
      Content-Length:
      - '200'
      Content-Security-Policy:
      - 'default-src ''self''; style-src ''self'' ''unsafe-inline'' fonts.googleapis.com
        cdnjs.cloudflare.com cdn.jsdelivr.net; object-src ''none''; frame-ancestors
        ''none''; frame-src ''self''; form-action ''self''; script-src ''self'' ''unsafe-inline''
        cdnjs.cloudflare.com cdn.jsdelivr.net; img-src ''self'' data: cdn.redoc.ly
        cdnjs.cloudflare.com tile.openstreetmap.org; base-uri ''self''; worker-src
        ''self'' blob:; font-src ''self'' fonts.gstatic.com'
      Content-Type:
      - application/json
      Cross-Origin-Opener-Policy:
      - same-origin
      Referrer-Policy:
      - same-origin
      Vary:
      - Accept, origin, Cookie
      X-Content-Type-Options:
      - nosniff
      X-Frame-Options:
      - DENY
    status:
      code: 200
      message: OK
- request:
    body: '{"lock": "7a04442a8a9344a6828c72efdf1487c7"}'
    headers:
      Accept:
      - '*/*'
      Accept-Encoding:
      - gzip, deflate
      Connection:
      - keep-alive
      Content-Length:
      - '44'
      Content-Type:
      - application/json
      User-Agent:
      - python-requests/2.33.1
    method: POST
    uri: http://openzaak.docker.internal:8001/documenten/api/v1/enkelvoudiginformatieobjecten/b68955b7-e856-4098-ae66-118039126fee/unlock
  response:
    body:
      string: ''
    headers:
      API-version:
      - 1.4.2
      Allow:
      - POST, OPTIONS
      Content-Length:
      - '0'
      Content-Security-Policy:
      - 'default-src ''self''; style-src ''self'' ''unsafe-inline'' fonts.googleapis.com
        cdnjs.cloudflare.com cdn.jsdelivr.net; object-src ''none''; frame-ancestors
        ''none''; frame-src ''self''; form-action ''self''; script-src ''self'' ''unsafe-inline''
        cdnjs.cloudflare.com cdn.jsdelivr.net; img-src ''self'' data: cdn.redoc.ly
        cdnjs.cloudflare.com tile.openstreetmap.org; base-uri ''self''; worker-src
        ''self'' blob:; font-src ''self'' fonts.gstatic.com'
      Cross-Origin-Opener-Policy:
      - same-origin
      Referrer-Policy:
      - same-origin
      Vary:
      - origin, Cookie
      X-Content-Type-Options:
      - nosniff
      X-Frame-Options:
      - DENY
    status:
      code: 204
      message: No Content
- request:
    body: null
    headers:
      Accept:
      - '*/*'
      Accept-Encoding:
      - gzip, deflate
      Connection:
      - keep-alive
      User-Agent:
      - python-requests/2.33.1
    method: GET
    uri: http://openzaak.docker.internal:8001/documenten/api/v1/enkelvoudiginformatieobjecten/b68955b7-e856-4098-ae66-118039126fee
  response:
    body:
      string: '{"url":"http://openzaak.docker.internal:8001/documenten/api/v1/enkelvoudiginformatieobjecten/b68955b7-e856-4098-ae66-118039126fee","identificatie":"29eae988-c2a3-42ae-a612-0e58cb30016d","bronorganisatie":"123456782","creatiedatum":"2026-10-07","titel":"File
        part test","vertrouwelijkheidaanduiding":"openbaar","auteur":"WOO registrations","status":"definitief","formaat":"text/plain","taal":"dut","versie":1,"beginRegistratie":"2026-10-07T08:11:33.664910Z","bestandsnaam":"data.txt","inhoud":"http://openzaak.docker.internal:8001/documenten/api/v1/enkelvoudiginformatieobjecten/b68955b7-e856-4098-ae66-118039126fee/download?versie=1","bestandsomvang":10,"link":"","beschrijving":"","ontvangstdatum":null,"verzenddatum":null,"indicatieGebruiksrecht":false,"verschijningsvorm":"","ondertekening":null,"integriteit":null,"informatieobjecttype":"http://openzaak.docker.internal:8001/catalogi/api/v1/informatieobjecttypen/ed78b0dc-e5d6-4259-9eae-04e02be2167b","locked":false,"bestandsdelen":[],"trefwoorden":[],"_expand":{}}'
    headers:
      API-version:
      - 1.4.2
      Allow:
      - GET, PUT, PATCH, DELETE, HEAD, OPTIONS
      Content-Length:
      - '1019'
      Content-Security-Policy:
      - 'default-src ''self''; style-src ''self'' ''unsafe-inline'' fonts.googleapis.com
        cdnjs.cloudflare.com cdn.jsdelivr.net; object-src ''none''; frame-ancestors
        ''none''; frame-src ''self''; form-action ''self''; script-src ''self'' ''unsafe-inline''
        cdnjs.cloudflare.com cdn.jsdelivr.net; img-src ''self'' data: cdn.redoc.ly
        cdnjs.cloudflare.com tile.openstreetmap.org; base-uri ''self''; worker-src
        ''self'' blob:; font-src ''self'' fonts.gstatic.com'
      Content-Type:
      - application/json
      Cross-Origin-Opener-Policy:
      - same-origin
      ETag:
      - '"30ea0ec33abf07ab1c98d9fd0f53ff0c"'
      Referrer-Policy:
      - same-origin
      Vary:
      - origin, Cookie
      X-Content-Type-Options:
      - nosniff
      X-Frame-Options:
      - DENY
    status:
      code: 200
      message: OK
- request:
    body: null
    headers:
      Accept:
      - '*/*'
      Accept-Encoding:
      - gzip, deflate
      Connection:
      - keep-alive
      Content-Length:
      - '0'
      User-Agent:
      - python-requests/2.33.1
    method: POST
    uri: http://openzaak.docker.internal:8001/documenten/api/v1/enkelvoudiginformatieobjecten/b68955b7-e856-4098-ae66-118039126fee/lock
  response:
    body:
      string: '{"lock":"c6a3ccf15c4f4d26b18c7b9fe137a96e"}'
    headers:
      API-version:
      - 1.4.2
      Allow:
      - POST, OPTIONS
      Content-Length:
      - '43'
      Content-Security-Policy:
      - 'default-src ''self''; style-src ''self'' ''unsafe-inline'' fonts.googleapis.com
        cdnjs.cloudflare.com cdn.jsdelivr.net; object-src ''none''; frame-ancestors
        ''none''; frame-src ''self''; form-action ''self''; script-src ''self'' ''unsafe-inline''
        cdnjs.cloudflare.com cdn.jsdelivr.net; img-src ''self'' data: cdn.redoc.ly
        cdnjs.cloudflare.com tile.openstreetmap.org; base-uri ''self''; worker-src
        ''self'' blob:; font-src ''self'' fonts.gstatic.com'
      Content-Type:
      - application/json
      Cross-Origin-Opener-Policy:
      - same-origin
      Referrer-Policy:
      - same-origin
      Vary:
      - origin, Cookie
      X-Content-Type-Options:
      - nosniff
      X-Frame-Options:
      - DENY
    status:
      code: 200
      message: OK
version: 1
