interactions:
- request:
    body: '{"identificatie": "0f7ef70a-6635-409e-b01e-5c06a7fb89e8", "bronorganisatie":
      "123456782", "informatieobjecttype": "http://openzaak.docker.internal:8001/catalogi/api/v1/informatieobjecttypen/ed78b0dc-e5d6-4259-9eae-04e02be2167b",
      "creatiedatum": "2026-10-01", "titel": "File part test", "auteur": "WOO registrations",
      "status": "definitief", "formaat": "text/plain", "taal": "dut", "bestandsnaam":
      "data.txt", "inhoud": null, "bestandsomvang": 10, "beschrijving": "", "indicatieGebruiksrecht":
      false}'
    headers:
      Accept:
      - '*/*'
      Accept-Encoding:
      - gzip, deflate
      Connection:
      - keep-alive
      Content-Length:
      - '499'
      Content-Type:
      - application/json
      User-Agent:
      - python-requests/2.33.1
    method: POST
    uri: http://openzaak.docker.internal:8001/documenten/api/v1/enkelvoudiginformatieobjecten
  response:
    body:
      string: '{"url":"http://openzaak.docker.internal:8001/documenten/api/v1/enkelvoudiginformatieobjecten/061b008a-264e-434b-b2c6-2b82eeb97b36","identificatie":"0f7ef70a-6635-409e-b01e-5c06a7fb89e8","bronorganisatie":"123456782","creatiedatum":"2026-10-01","titel":"File
        part test","vertrouwelijkheidaanduiding":"openbaar","auteur":"WOO registrations","status":"definitief","formaat":"text/plain","taal":"dut","versie":1,"beginRegistratie":"2026-10-01T13:22:29.860370Z","bestandsnaam":"data.txt","inhoud":null,"bestandsomvang":10,"link":"","beschrijving":"","ontvangstdatum":null,"verzenddatum":null,"indicatieGebruiksrecht":false,"verschijningsvorm":"","ondertekening":null,"integriteit":null,"informatieobjecttype":"http://openzaak.docker.internal:8001/catalogi/api/v1/informatieobjecttypen/ed78b0dc-e5d6-4259-9eae-04e02be2167b","locked":true,"bestandsdelen":[{"url":"http://openzaak.docker.internal:8001/documenten/api/v1/bestandsdelen/4e3c20fc-8dce-42d9-b29c-ce6ac751f9f4","volgnummer":1,"omvang":10,"voltooid":false,"lock":"bf40e4abb6f945be9224190a84a02a51"}],"trefwoorden":[],"lock":"bf40e4abb6f945be9224190a84a02a51"}'
    headers:
      API-version:
      - 1.4.2
      Allow:
      - GET, POST, HEAD, OPTIONS
      Content-Length:
      - '1111'
      Content-Security-Policy:
      - 'form-action ''self''; default-src ''self''; object-src ''none''; font-src
        ''self'' fonts.gstatic.com; script-src ''self'' ''unsafe-inline'' cdnjs.cloudflare.com
        cdn.jsdelivr.net; frame-ancestors ''none''; style-src ''self'' ''unsafe-inline''
        fonts.googleapis.com cdnjs.cloudflare.com cdn.jsdelivr.net; worker-src ''self''
        blob:; base-uri ''self''; img-src ''self'' data: cdn.redoc.ly cdnjs.cloudflare.com
        tile.openstreetmap.org; frame-src ''self'''
      Content-Type:
      - application/json
      Cross-Origin-Opener-Policy:
      - same-origin
      Location:
      - http://openzaak.docker.internal:8001/documenten/api/v1/enkelvoudiginformatieobjecten/061b008a-264e-434b-b2c6-2b82eeb97b36
      Referrer-Policy:
      - same-origin
      Vary:
      - origin, Cookie
      X-Content-Type-Options:
      - nosniff
      X-Frame-Options:
      - DENY
    status:
      code: 201
      message: Created
- request:
    body: !!python/object/new:_io.BytesIO
      state: !!python/tuple
      - !!binary |
        LS0yYjQ4OTMxMWNlZmY0ZmUxYTRhZjAyYmY5MDU5ZjhiMw0KQ29udGVudC1EaXNwb3NpdGlvbjog
        Zm9ybS1kYXRhOyBuYW1lPSJsb2NrIg0KDQpiZjQwZTRhYmI2Zjk0NWJlOTIyNDE5MGE4NGEwMmE1
        MQ0KLS0yYjQ4OTMxMWNlZmY0ZmUxYTRhZjAyYmY5MDU5ZjhiMw0KQ29udGVudC1EaXNwb3NpdGlv
        bjogZm9ybS1kYXRhOyBuYW1lPSJpbmhvdWQiOyBmaWxlbmFtZT0icGFydC5iaW4iDQpDb250ZW50
        LVR5cGU6IGFwcGxpY2F0aW9uL29jdGV0LXN0cmVhbQ0KDQoxMjM0NTY3ODkwDQotLTJiNDg5MzEx
        Y2VmZjRmZTFhNGFmMDJiZjkwNTlmOGIzLS0NCg==
      - 0
      - null
    headers:
      Accept:
      - '*/*'
      Accept-Encoding:
      - gzip, deflate
      Connection:
      - keep-alive
      Content-Length:
      - '313'
      Content-Type:
      - multipart/form-data; boundary=2b489311ceff4fe1a4af02bf9059f8b3
      User-Agent:
      - python-requests/2.33.1
    method: PUT
    uri: http://openzaak.docker.internal:8001/documenten/api/v1/bestandsdelen/4e3c20fc-8dce-42d9-b29c-ce6ac751f9f4
  response:
    body:
      string: '{"url":"http://openzaak.docker.internal:8001/documenten/api/v1/bestandsdelen/4e3c20fc-8dce-42d9-b29c-ce6ac751f9f4","volgnummer":1,"omvang":10,"voltooid":true,"lock":"bf40e4abb6f945be9224190a84a02a51"}'
    headers:
      API-version:
      - 1.4.2
      Allow:
      - PUT, OPTIONS
      Content-Length:
      - '200'
      Content-Security-Policy:
      - 'form-action ''self''; default-src ''self''; object-src ''none''; font-src
        ''self'' fonts.gstatic.com; script-src ''self'' ''unsafe-inline'' cdnjs.cloudflare.com
        cdn.jsdelivr.net; frame-ancestors ''none''; style-src ''self'' ''unsafe-inline''
        fonts.googleapis.com cdnjs.cloudflare.com cdn.jsdelivr.net; worker-src ''self''
        blob:; base-uri ''self''; img-src ''self'' data: cdn.redoc.ly cdnjs.cloudflare.com
        tile.openstreetmap.org; frame-src ''self'''
      Content-Type:
      - application/json
      Cross-Origin-Opener-Policy:
      - same-origin
      Referrer-Policy:
      - same-origin
      Vary:
      - Accept, origin, Cookie
      X-Content-Type-Options:
      - nosniff
      X-Frame-Options:
      - DENY
    status:
      code: 200
      message: OK
- request:
    body: '{"lock": "bf40e4abb6f945be9224190a84a02a51"}'
    headers:
      Accept:
      - '*/*'
      Accept-Encoding:
      - gzip, deflate
      Connection:
      - keep-alive
      Content-Length:
      - '44'
      Content-Type:
      - application/json
      User-Agent:
      - python-requests/2.33.1
    method: POST
    uri: http://openzaak.docker.internal:8001/documenten/api/v1/enkelvoudiginformatieobjecten/061b008a-264e-434b-b2c6-2b82eeb97b36/unlock
  response:
    body:
      string: ''
    headers:
      API-version:
      - 1.4.2
      Allow:
      - POST, OPTIONS
      Content-Length:
      - '0'
      Content-Security-Policy:
      - 'form-action ''self''; default-src ''self''; object-src ''none''; font-src
        ''self'' fonts.gstatic.com; script-src ''self'' ''unsafe-inline'' cdnjs.cloudflare.com
        cdn.jsdelivr.net; frame-ancestors ''none''; style-src ''self'' ''unsafe-inline''
        fonts.googleapis.com cdnjs.cloudflare.com cdn.jsdelivr.net; worker-src ''self''
        blob:; base-uri ''self''; img-src ''self'' data: cdn.redoc.ly cdnjs.cloudflare.com
        tile.openstreetmap.org; frame-src ''self'''
      Cross-Origin-Opener-Policy:
      - same-origin
      Referrer-Policy:
      - same-origin
      Vary:
      - origin, Cookie
      X-Content-Type-Options:
      - nosniff
      X-Frame-Options:
      - DENY
    status:
      code: 204
      message: No Content
- request:
    body: null
    headers:
      Accept:
      - '*/*'
      Accept-Encoding:
      - gzip, deflate
      Connection:
      - keep-alive
      User-Agent:
      - python-requests/2.33.1
    method: GET
    uri: http://openzaak.docker.internal:8001/documenten/api/v1/enkelvoudiginformatieobjecten/061b008a-264e-434b-b2c6-2b82eeb97b36
  response:
    body:
      string: '{"url":"http://openzaak.docker.internal:8001/documenten/api/v1/enkelvoudiginformatieobjecten/061b008a-264e-434b-b2c6-2b82eeb97b36","identificatie":"0f7ef70a-6635-409e-b01e-5c06a7fb89e8","bronorganisatie":"123456782","creatiedatum":"2026-10-01","titel":"File
        part test","vertrouwelijkheidaanduiding":"openbaar","auteur":"WOO registrations","status":"definitief","formaat":"text/plain","taal":"dut","versie":1,"beginRegistratie":"2026-10-01T13:22:29.969775Z","bestandsnaam":"data.txt","inhoud":"http://openzaak.docker.internal:8001/documenten/api/v1/enkelvoudiginformatieobjecten/061b008a-264e-434b-b2c6-2b82eeb97b36/download?versie=1","bestandsomvang":10,"link":"","beschrijving":"","ontvangstdatum":null,"verzenddatum":null,"indicatieGebruiksrecht":false,"verschijningsvorm":"","ondertekening":null,"integriteit":null,"informatieobjecttype":"http://openzaak.docker.internal:8001/catalogi/api/v1/informatieobjecttypen/ed78b0dc-e5d6-4259-9eae-04e02be2167b","locked":false,"bestandsdelen":[],"trefwoorden":[],"_expand":{}}'
    headers:
      API-version:
      - 1.4.2
      Allow:
      - GET, PUT, PATCH, DELETE, HEAD, OPTIONS
      Content-Length:
      - '1019'
      Content-Security-Policy:
      - 'form-action ''self''; default-src ''self''; object-src ''none''; font-src
        ''self'' fonts.gstatic.com; script-src ''self'' ''unsafe-inline'' cdnjs.cloudflare.com
        cdn.jsdelivr.net; frame-ancestors ''none''; style-src ''self'' ''unsafe-inline''
        fonts.googleapis.com cdnjs.cloudflare.com cdn.jsdelivr.net; worker-src ''self''
        blob:; base-uri ''self''; img-src ''self'' data: cdn.redoc.ly cdnjs.cloudflare.com
        tile.openstreetmap.org; frame-src ''self'''
      Content-Type:
      - application/json
      Cross-Origin-Opener-Policy:
      - same-origin
      ETag:
      - '"d008ee49f7cd68375f8d777b569cb538"'
      Referrer-Policy:
      - same-origin
      Vary:
      - origin, Cookie
      X-Content-Type-Options:
      - nosniff
      X-Frame-Options:
      - DENY
    status:
      code: 200
      message: OK
- request:
    body: null
    headers:
      Accept:
      - '*/*'
      Accept-Encoding:
      - gzip, deflate
      Connection:
      - keep-alive
      Content-Length:
      - '0'
      User-Agent:
      - python-requests/2.33.1
    method: POST
    uri: http://openzaak.docker.internal:8001/documenten/api/v1/enkelvoudiginformatieobjecten/061b008a-264e-434b-b2c6-2b82eeb97b36/lock
  response:
    body:
      string: '{"lock":"f5695befa2fa4a71b624660cfb3bfde1"}'
    headers:
      API-version:
      - 1.4.2
      Allow:
      - POST, OPTIONS
      Content-Length:
      - '43'
      Content-Security-Policy:
      - 'form-action ''self''; default-src ''self''; object-src ''none''; font-src
        ''self'' fonts.gstatic.com; script-src ''self'' ''unsafe-inline'' cdnjs.cloudflare.com
        cdn.jsdelivr.net; frame-ancestors ''none''; style-src ''self'' ''unsafe-inline''
        fonts.googleapis.com cdnjs.cloudflare.com cdn.jsdelivr.net; worker-src ''self''
        blob:; base-uri ''self''; img-src ''self'' data: cdn.redoc.ly cdnjs.cloudflare.com
        tile.openstreetmap.org; frame-src ''self'''
      Content-Type:
      - application/json
      Cross-Origin-Opener-Policy:
      - same-origin
      Referrer-Policy:
      - same-origin
      Vary:
      - origin, Cookie
      X-Content-Type-Options:
      - nosniff
      X-Frame-Options:
      - DENY
    status:
      code: 200
      message: OK
- request:
    body: '{"catalogus": "http://openzaak.docker.internal:8001/catalogi/api/v1/catalogussen/770dcb62-2469-4353-a2a7-e619df7e061f",
      "omschrijving": "I", "vertrouwelijkheidaanduiding": "openbaar", "beginGeldigheid":
      "2024-09-01", "informatieobjectcategorie": "Wet Open Overheid"}'
    headers:
      Accept:
      - '*/*'
      Accept-Encoding:
      - gzip, deflate
      Connection:
      - keep-alive
      Content-Length:
      - '266'
      Content-Type:
      - application/json
      User-Agent:
      - python-requests/2.33.1
    method: POST
    uri: http://openzaak.docker.internal:8001/catalogi/api/v1/informatieobjecttypen
  response:
    body:
      string: '{"url":"http://openzaak.docker.internal:8001/catalogi/api/v1/informatieobjecttypen/e0d24666-9640-4632-90d6-1266c38f5986","catalogus":"http://openzaak.docker.internal:8001/catalogi/api/v1/catalogussen/770dcb62-2469-4353-a2a7-e619df7e061f","omschrijving":"I","vertrouwelijkheidaanduiding":"openbaar","beginGeldigheid":"2024-09-01","eindeGeldigheid":null,"concept":true,"besluittypen":[],"informatieobjectcategorie":"Wet
        Open Overheid","trefwoord":[],"omschrijvingGeneriek":{"informatieobjecttypeOmschrijvingGeneriek":"","definitieInformatieobjecttypeOmschrijvingGeneriek":"","herkomstInformatieobjecttypeOmschrijvingGeneriek":"","hierarchieInformatieobjecttypeOmschrijvingGeneriek":"","opmerkingInformatieobjecttypeOmschrijvingGeneriek":""},"zaaktypen":[],"beginObject":"2024-09-01","eindeObject":null}'
    headers:
      API-version:
      - 1.3.1
      Allow:
      - GET, POST, HEAD, OPTIONS
      Content-Length:
      - '800'
      Content-Security-Policy:
      - 'form-action ''self''; default-src ''self''; object-src ''none''; font-src
        ''self'' fonts.gstatic.com; script-src ''self'' ''unsafe-inline'' cdnjs.cloudflare.com
        cdn.jsdelivr.net; frame-ancestors ''none''; style-src ''self'' ''unsafe-inline''
        fonts.googleapis.com cdnjs.cloudflare.com cdn.jsdelivr.net; worker-src ''self''
        blob:; base-uri ''self''; img-src ''self'' data: cdn.redoc.ly cdnjs.cloudflare.com
        tile.openstreetmap.org; frame-src ''self'''
      Content-Type:
      - application/json
      Cross-Origin-Opener-Policy:
      - same-origin
      Location:
      - http://openzaak.docker.internal:8001/catalogi/api/v1/informatieobjecttypen/e0d24666-9640-4632-90d6-1266c38f5986
      Referrer-Policy:
      - same-origin
      Vary:
      - Accept, origin, Cookie
      X-Content-Type-Options:
      - nosniff
      X-Frame-Options:
      - DENY
    status:
      code: 201
      message: Created
- request:
    body: '{"catalogus": "http://openzaak.docker.internal:8001/catalogi/api/v1/catalogussen/770dcb62-2469-4353-a2a7-e619df7e061f",
      "omschrijving": "I", "vertrouwelijkheidaanduiding": "openbaar", "beginGeldigheid":
      "2024-09-01", "informatieobjectcategorie": "Wet Open Overheid"}'
    headers:
      Accept:
      - '*/*'
      Accept-Encoding:
      - gzip, deflate
      Connection:
      - keep-alive
      Content-Length:
      - '266'
      Content-Type:
      - application/json
      User-Agent:
      - python-requests/2.33.1
    method: POST
    uri: http://openzaak.docker.internal:8001/catalogi/api/v1/informatieobjecttypen/e0d24666-9640-4632-90d6-1266c38f5986/publish
  response:
    body:
      string: '{"url":"http://openzaak.docker.internal:8001/catalogi/api/v1/informatieobjecttypen/e0d24666-9640-4632-90d6-1266c38f5986","catalogus":"http://openzaak.docker.internal:8001/catalogi/api/v1/catalogussen/770dcb62-2469-4353-a2a7-e619df7e061f","omschrijving":"I","vertrouwelijkheidaanduiding":"openbaar","beginGeldigheid":"2024-09-01","eindeGeldigheid":null,"concept":false,"besluittypen":[],"informatieobjectcategorie":"Wet
        Open Overheid","trefwoord":[],"omschrijvingGeneriek":{"informatieobjecttypeOmschrijvingGeneriek":"","definitieInformatieobjecttypeOmschrijvingGeneriek":"","herkomstInformatieobjecttypeOmschrijvingGeneriek":"","hierarchieInformatieobjecttypeOmschrijvingGeneriek":"","opmerkingInformatieobjecttypeOmschrijvingGeneriek":""},"zaaktypen":[],"beginObject":"2024-09-01","eindeObject":null}'
    headers:
      API-version:
      - 1.3.1
      Allow:
      - POST, OPTIONS
      Content-Length:
      - '801'
      Content-Security-Policy:
      - 'form-action ''self''; default-src ''self''; object-src ''none''; font-src
        ''self'' fonts.gstatic.com; script-src ''self'' ''unsafe-inline'' cdnjs.cloudflare.com
        cdn.jsdelivr.net; frame-ancestors ''none''; style-src ''self'' ''unsafe-inline''
        fonts.googleapis.com cdnjs.cloudflare.com cdn.jsdelivr.net; worker-src ''self''
        blob:; base-uri ''self''; img-src ''self'' data: cdn.redoc.ly cdnjs.cloudflare.com
        tile.openstreetmap.org; frame-src ''self'''
      Content-Type:
      - application/json
      Cross-Origin-Opener-Policy:
      - same-origin
      Referrer-Policy:
      - same-origin
      Vary:
      - Accept, origin, Cookie
      X-Content-Type-Options:
      - nosniff
      X-Frame-Options:
      - DENY
    status:
      code: 200
      message: OK
- request:
    body: '{"informatieobjecttype": "http://openzaak.docker.internal:8001/catalogi/api/v1/informatieobjecttypen/e0d24666-9640-4632-90d6-1266c38f5986",
      "lock": "f5695befa2fa4a71b624660cfb3bfde1"}'
    headers:
      Accept:
      - '*/*'
      Accept-Encoding:
      - gzip, deflate
      Connection:
      - keep-alive
      Content-Length:
      - '183'
      Content-Type:
      - application/json
      User-Agent:
      - python-requests/2.33.1
    method: PATCH
    uri: http://openzaak.docker.internal:8001/documenten/api/v1/enkelvoudiginformatieobjecten/061b008a-264e-434b-b2c6-2b82eeb97b36
  response:
    body:
      string: '{"url":"http://openzaak.docker.internal:8001/documenten/api/v1/enkelvoudiginformatieobjecten/061b008a-264e-434b-b2c6-2b82eeb97b36","identificatie":"0f7ef70a-6635-409e-b01e-5c06a7fb89e8","bronorganisatie":"123456782","creatiedatum":"2026-10-01","titel":"File
        part test","vertrouwelijkheidaanduiding":"openbaar","auteur":"WOO registrations","status":"definitief","formaat":"text/plain","taal":"dut","versie":2,"beginRegistratie":"2026-10-01T13:22:30.192489Z","bestandsnaam":"data.txt","inhoud":"http://openzaak.docker.internal:8001/documenten/api/v1/enkelvoudiginformatieobjecten/061b008a-264e-434b-b2c6-2b82eeb97b36/download?versie=2","bestandsomvang":10,"link":"","beschrijving":"","ontvangstdatum":null,"verzenddatum":null,"indicatieGebruiksrecht":false,"verschijningsvorm":"","ondertekening":null,"integriteit":null,"informatieobjecttype":"http://openzaak.docker.internal:8001/catalogi/api/v1/informatieobjecttypen/e0d24666-9640-4632-90d6-1266c38f5986","locked":true,"bestandsdelen":[],"trefwoorden":[]}'
    headers:
      API-version:
      - 1.4.2
      Allow:
      - GET, PUT, PATCH, DELETE, HEAD, OPTIONS
      Content-Length:
      - '1005'
      Content-Security-Policy:
      - 'form-action ''self''; default-src ''self''; object-src ''none''; font-src
        ''self'' fonts.gstatic.com; script-src ''self'' ''unsafe-inline'' cdnjs.cloudflare.com
        cdn.jsdelivr.net; frame-ancestors ''none''; style-src ''self'' ''unsafe-inline''
        fonts.googleapis.com cdnjs.cloudflare.com cdn.jsdelivr.net; worker-src ''self''
        blob:; base-uri ''self''; img-src ''self'' data: cdn.redoc.ly cdnjs.cloudflare.com
        tile.openstreetmap.org; frame-src ''self'''
      Content-Type:
      - application/json
      Cross-Origin-Opener-Policy:
      - same-origin
      Referrer-Policy:
      - same-origin
      Vary:
      - origin, Cookie
      X-Content-Type-Options:
      - nosniff
      X-Frame-Options:
      - DENY
    status:
      code: 200
      message: OK
- request:
    body: '{"lock": "f5695befa2fa4a71b624660cfb3bfde1"}'
    headers:
      Accept:
      - '*/*'
      Accept-Encoding:
      - gzip, deflate
      Connection:
      - keep-alive
      Content-Length:
      - '44'
      Content-Type:
      - application/json
      User-Agent:
      - python-requests/2.33.1
    method: POST
    uri: http://openzaak.docker.internal:8001/documenten/api/v1/enkelvoudiginformatieobjecten/061b008a-264e-434b-b2c6-2b82eeb97b36/unlock
  response:
    body:
      string: ''
    headers:
      API-version:
      - 1.4.2
      Allow:
      - POST, OPTIONS
      Content-Length:
      - '0'
      Content-Security-Policy:
      - 'form-action ''self''; default-src ''self''; object-src ''none''; font-src
        ''self'' fonts.gstatic.com; script-src ''self'' ''unsafe-inline'' cdnjs.cloudflare.com
        cdn.jsdelivr.net; frame-ancestors ''none''; style-src ''self'' ''unsafe-inline''
        fonts.googleapis.com cdnjs.cloudflare.com cdn.jsdelivr.net; worker-src ''self''
        blob:; base-uri ''self''; img-src ''self'' data: cdn.redoc.ly cdnjs.cloudflare.com
        tile.openstreetmap.org; frame-src ''self'''
      Cross-Origin-Opener-Policy:
      - same-origin
      Referrer-Policy:
      - same-origin
      Vary:
      - origin, Cookie
      X-Content-Type-Options:
      - nosniff
      X-Frame-Options:
      - DENY
    status:
      code: 204
      message: No Content
- request:
    body: null
    headers:
      Accept:
      - '*/*'
      Accept-Encoding:
      - gzip, deflate
      Connection:
      - keep-alive
      User-Agent:
      - python-requests/2.33.1
    method: GET
    uri: http://openzaak.docker.internal:8001/documenten/api/v1/enkelvoudiginformatieobjecten/061b008a-264e-434b-b2c6-2b82eeb97b36
  response:
    body:
      string: '{"url":"http://openzaak.docker.internal:8001/documenten/api/v1/enkelvoudiginformatieobjecten/061b008a-264e-434b-b2c6-2b82eeb97b36","identificatie":"0f7ef70a-6635-409e-b01e-5c06a7fb89e8","bronorganisatie":"123456782","creatiedatum":"2026-10-01","titel":"File
        part test","vertrouwelijkheidaanduiding":"openbaar","auteur":"WOO registrations","status":"definitief","formaat":"text/plain","taal":"dut","versie":2,"beginRegistratie":"2026-10-01T13:22:30.192489Z","bestandsnaam":"data.txt","inhoud":"http://openzaak.docker.internal:8001/documenten/api/v1/enkelvoudiginformatieobjecten/061b008a-264e-434b-b2c6-2b82eeb97b36/download?versie=2","bestandsomvang":10,"link":"","beschrijving":"","ontvangstdatum":null,"verzenddatum":null,"indicatieGebruiksrecht":false,"verschijningsvorm":"","ondertekening":null,"integriteit":null,"informatieobjecttype":"http://openzaak.docker.internal:8001/catalogi/api/v1/informatieobjecttypen/e0d24666-9640-4632-90d6-1266c38f5986","locked":false,"bestandsdelen":[],"trefwoorden":[],"_expand":{}}'
    headers:
      API-version:
      - 1.4.2
      Allow:
      - GET, PUT, PATCH, DELETE, HEAD, OPTIONS
      Content-Length:
      - '1019'
      Content-Security-Policy:
      - 'form-action ''self''; default-src ''self''; object-src ''none''; font-src
        ''self'' fonts.gstatic.com; script-src ''self'' ''unsafe-inline'' cdnjs.cloudflare.com
        cdn.jsdelivr.net; frame-ancestors ''none''; style-src ''self'' ''unsafe-inline''
        fonts.googleapis.com cdnjs.cloudflare.com cdn.jsdelivr.net; worker-src ''self''
        blob:; base-uri ''self''; img-src ''self'' data: cdn.redoc.ly cdnjs.cloudflare.com
        tile.openstreetmap.org; frame-src ''self'''
      Content-Type:
      - application/json
      Cross-Origin-Opener-Policy:
      - same-origin
      ETag:
      - '"f29642b6e8f9c82276f49b840a6b8887"'
      Referrer-Policy:
      - same-origin
      Vary:
      - origin, Cookie
      X-Content-Type-Options:
      - nosniff
      X-Frame-Options:
      - DENY
    status:
      code: 200
      message: OK
version: 1
